// !$*UTF8*$!
{
	archiveVersion = 1;
	classes = {
	};
	objectVersion = 77;
	objects = {

/* Begin PBXContainerItemProxy section */
		4477F7D82EEDE65300B308F7 /* PBXContainerItemProxy */ = {
			isa = PBXContainerItemProxy;
			containerPortal = 4477F7B62EEDE65200B308F7 /* Project object */;
			proxyType = 1;
			remoteGlobalIDString = 4477F7BD2EEDE65200B308F7;
			remoteInfo = SOLIDApp;
		};
		4477F7E22EEDE65300B308F7 /* PBXContainerItemProxy */ = {
			isa = PBXContainerItemProxy;
			containerPortal = 4477F7B62EEDE65200B308F7 /* Project object */;
			proxyType = 1;
			remoteGlobalIDString = 4477F7BD2EEDE65200B308F7;
			remoteInfo = SOLIDApp;
		};
/* End PBXContainerItemProxy section */

/* Begin PBXFileReference section */
		4477F7BE2EEDE65200B308F7 /* SOLIDApp.app */ = {isa = PBXFileReference; explicitFileType = wrapper.application; includeInIndex = 0; path = SOLIDApp.app; sourceTree = BUILT_PRODUCTS_DIR; };
		4477F7D72EEDE65300B308F7 /* SOLIDAppTests.xctest */ = {isa = PBXFileReference; explicitFileType = wrapper.cfbundle; includeInIndex = 0; path = SOLIDAppTests.xctest; sourceTree = BUILT_PRODUCTS_DIR; };
		4477F7E12EEDE65300B308F7 /* SOLIDAppUITests.xctest */ = {isa = PBXFileReference; explicitFileType = wrapper.cfbundle; includeInIndex = 0; path = SOLIDAppUITests.xctest; sourceTree = BUILT_PRODUCTS_DIR; };
/* End PBXFileReference section */

/* Begin PBXFileSystemSynchronizedBuildFileExceptionSet section */
		4477F7E92EEDE65300B308F7 /* Exceptions for "SOLIDApp" folder in "SOLIDApp" target */ = {
			isa = PBXFileSystemSynchronizedBuildFileExceptionSet;
			membershipExceptions = (
				App/Info.plist,
			);
			target = 4477F7BD2EEDE65200B308F7 /* SOLIDApp */;
		};
/* End PBXFileSystemSynchronizedBuildFileExceptionSet section */

/* Begin PBXFileSystemSynchronizedRootGroup section */
		4477F7C02EEDE65200B308F7 /* SOLIDApp */ = {
			isa = PBXFileSystemSynchronizedRootGroup;
			exceptions = (
				4477F7E92EEDE65300B308F7 /* Exceptions for "SOLIDApp" folder in "SOLIDApp" target */,
			);
			path = SOLIDApp;
			sourceTree = "<group>";
		};
		4477F7DA2EEDE65300B308F7 /* SOLIDAppTests */ = {
			isa = PBXFileSystemSynchronizedRootGroup;
			path = SOLIDAppTests;
			sourceTree = "<group>";
		};
		4477F7E42EEDE65300B308F7 /* SOLIDAppUITests */ = {
			isa = PBXFileSystemSynchronizedRootGroup;
			path = SOLIDAppUITests;
			sourceTree = "<group>";
		};
/* End PBXFileSystemSynchronizedRootGroup section */

/* Begin PBXFrameworksBuildPhase section */
		4477F7BB2EEDE65200B308F7 /* Frameworks */ = {
			isa = PBXFrameworksBuildPhase;
			buildActionMask = 2147483647;
			files = (
			);
			runOnlyForDeploymentPostprocessing = 0;
		};
		4477F7D42EEDE65300B308F7 /* Frameworks */ = {
			isa = PBXFrameworksBuildPhase;
			buildActionMask = 2147483647;
			files = (
			);
			runOnlyForDeploymentPostprocessing = 0;
		};
		4477F7DE2EEDE65300B308F7 /* Frameworks */ = {
			isa = PBXFrameworksBuildPhase;
			buildActionMask = 2147483647;
			files = (
			);
			runOnlyForDeploymentPostprocessing = 0;
		};
/* End PBXFrameworksBuildPhase section */

/* Begin PBXGroup section */
		4477F7B52EEDE65200B308F7 = {
			isa = PBXGroup;
			children = (
				4477F7C02EEDE65200B308F7 /* SOLIDApp */,
				4477F7DA2EEDE65300B308F7 /* SOLIDAppTests */,
				4477F7E42EEDE65300B308F7 /* SOLIDAppUITests */,
				4477F7BF2EEDE65200B308F7 /* Products */,
			);
			sourceTree = "<group>";
		};
		4477F7BF2EEDE65200B308F7 /* Products */ = {
			isa = PBXGroup;
			children = (
				4477F7BE2EEDE65200B308F7 /* SOLIDApp.app */,
				4477F7D72EEDE65300B308F7 /* SOLIDAppTests.xctest */,
				4477F7E12EEDE65300B308F7 /* SOLIDAppUITests.xctest */,
			);
			name = Products;
			sourceTree = "<group>";
		};
/* End PBXGroup section */

/* Begin PBXNativeTarget section */
		4477F7BD2EEDE65200B308F7 /* SOLIDApp */ = {
			isa = PBXNativeTarget;
			buildConfigurationList = 4477F7EA2EEDE65300B308F7 /* Build configuration list for PBXNativeTarget "SOLIDApp" */;
			buildPhases = (
				4477F7BA2EEDE65200B308F7 /* Sources */,
				4477F7BB2EEDE65200B308F7 /* Frameworks */,
				4477F7BC2EEDE65200B308F7 /* Resources */,
			);
			buildRules = (
			);
			dependencies = (
			);
			fileSystemSynchronizedGroups = (
				4477F7C02EEDE65200B308F7 /* SOLIDApp */,
			);
			name = SOLIDApp;
			packageProductDependencies = (
			);
			productName = SOLIDApp;
			productReference = 4477F7BE2EEDE65200B308F7 /* SOLIDApp.app */;
			productType = "com.apple.product-type.application";
		};
		4477F7D62EEDE65300B308F7 /* SOLIDAppTests */ = {
			isa = PBXNativeTarget;
			buildConfigurationList = 4477F7EF2EEDE65300B308F7 /* Build configuration list for PBXNativeTarget "SOLIDAppTests" */;
			buildPhases = (
				4477F7D32EEDE65300B308F7 /* Sources */,
				4477F7D42EEDE65300B308F7 /* Frameworks */,
				4477F7D52EEDE65300B308F7 /* Resources */,
			);
			buildRules = (
			);
			dependencies = (
				4477F7D92EEDE65300B308F7 /* PBXTargetDependency */,
			);
			fileSystemSynchronizedGroups = (
				4477F7DA2EEDE65300B308F7 /* SOLIDAppTests */,
			);
			name = SOLIDAppTests;
			packageProductDependencies = (
			);
			productName = SOLIDAppTests;
			productReference = 4477F7D72EEDE65300B308F7 /* SOLIDAppTests.xctest */;
			productType = "com.apple.product-type.bundle.unit-test";
		};
		4477F7E02EEDE65300B308F7 /* SOLIDAppUITests */ = {
			isa = PBXNativeTarget;
			buildConfigurationList = 4477F7F22EEDE65300B308F7 /* Build configuration list for PBXNativeTarget "SOLIDAppUITests" */;
			buildPhases = (
				4477F7DD2EEDE65300B308F7 /* Sources */,
				4477F7DE2EEDE65300B308F7 /* Frameworks */,
				4477F7DF2EEDE65300B308F7 /* Resources */,
			);
			buildRules = (
			);
			dependencies = (
				4477F7E32EEDE65300B308F7 /* PBXTargetDependency */,
			);
			fileSystemSynchronizedGroups = (
				4477F7E42EEDE65300B308F7 /* SOLIDAppUITests */,
			);
			name = SOLIDAppUITests;
			packageProductDependencies = (
			);
			productName = SOLIDAppUITests;
			productReference = 4477F7E12EEDE65300B308F7 /* SOLIDAppUITests.xctest */;
			productType = "com.apple.product-type.bundle.ui-testing";
		};
/* End PBXNativeTarget section */

/* Begin PBXProject section */
		4477F7B62EEDE65200B308F7 /* Project object */ = {
			isa = PBXProject;
			attributes = {
				BuildIndependentTargetsInParallel = 1;
				LastSwiftUpdateCheck = 1640;
				LastUpgradeCheck = 1640;
				TargetAttributes = {
					4477F7BD2EEDE65200B308F7 = {
						CreatedOnToolsVersion = 16.4;
					};
					4477F7D62EEDE65300B308F7 = {
						CreatedOnToolsVersion = 16.4;
						TestTargetID = 4477F7BD2EEDE65200B308F7;
					};
					4477F7E02EEDE65300B308F7 = {
						CreatedOnToolsVersion = 16.4;
						TestTargetID = 4477F7BD2EEDE65200B308F7;
					};
				};
			};
			buildConfigurationList = 4477F7B92EEDE65200B308F7 /* Build configuration list for PBXProject "SOLIDApp" */;
			developmentRegion = en;
			hasScannedForEncodings = 0;
			knownRegions = (
				en,
				Base,
			);
			mainGroup = 4477F7B52EEDE65200B308F7;
			minimizedProjectReferenceProxies = 1;
			preferredProjectObjectVersion = 77;
			productRefGroup = 4477F7BF2EEDE65200B308F7 /* Products */;
			projectDirPath = "";
			projectRoot = "";
			targets = (
				4477F7BD2EEDE65200B308F7 /* SOLIDApp */,
				4477F7D62EEDE65300B308F7 /* SOLIDAppTests */,
				4477F7E02EEDE65300B308F7 /* SOLIDAppUITests */,
			);
		};
/* End PBXProject section */

/* Begin PBXResourcesBuildPhase section */
		4477F7BC2EEDE65200B308F7 /* Resources */ = {
			isa = PBXResourcesBuildPhase;
			buildActionMask = 2147483647;
			files = (
			);
			runOnlyForDeploymentPostprocessing = 0;
		};
		4477F7D52EEDE65300B308F7 /* Resources */ = {
			isa = PBXResourcesBuildPhase;
			buildActionMask = 2147483647;
			files = (
			);
			runOnlyForDeploymentPostprocessing = 0;
		};
		4477F7DF2EEDE65300B308F7 /* Resources */ = {
			isa = PBXResourcesBuildPhase;
			buildActionMask = 2147483647;
			files = (
			);
			runOnlyForDeploymentPostprocessing = 0;
		};
/* End PBXResourcesBuildPhase section */

/* Begin PBXSourcesBuildPhase section */
		4477F7BA2EEDE65200B308F7 /* Sources */ = {
			isa = PBXSourcesBuildPhase;
			buildActionMask = 2147483647;
			files = (
			);
			runOnlyForDeploymentPostprocessing = 0;
		};
		4477F7D32EEDE65300B308F7 /* Sources */ = {
			isa = PBXSourcesBuildPhase;
			buildActionMask = 2147483647;
			files = (
			);
			runOnlyForDeploymentPostprocessing = 0;
		};
		4477F7DD2EEDE65300B308F7 /* Sources */ = {
			isa = PBXSourcesBuildPhase;
			buildActionMask = 2147483647;
			files = (
			);
			runOnlyForDeploymentPostprocessing = 0;
		};
/* End PBXSourcesBuildPhase section */

/* Begin PBXTargetDependency section */
		4477F7D92EEDE65300B308F7 /* PBXTargetDependency */ = {
			isa = PBXTargetDependency;
			target = 4477F7BD2EEDE65200B308F7 /* SOLIDApp */;
			targetProxy = 4477F7D82EEDE65300B308F7 /* PBXContainerItemProxy */;
		};
		4477F7E32EEDE65300B308F7 /* PBXTargetDependency */ = {
			isa = PBXTargetDependency;
			target = 4477F7BD2EEDE65200B308F7 /* SOLIDApp */;
			targetProxy = 4477F7E22EEDE65300B308F7 /* PBXContainerItemProxy */;
		};
/* End PBXTargetDependency section */

/* Begin XCBuildConfiguration section */
		4477F7EB2EEDE65300B308F7 /* Debug */ = {
			isa = XCBuildConfiguration;
			buildSettings = {
				ASSETCATALOG_COMPILER_APPICON_NAME = AppIcon;
				ASSETCATALOG_COMPILER_GLOBAL_ACCENT_COLOR_NAME = AccentColor;
				CODE_SIGN_STYLE = Automatic;
				CURRENT_PROJECT_VERSION = 1;
				DEVELOPMENT_TEAM = D9AM693C83;
				GENERATE_INFOPLIST_FILE = YES;
				INFOPLIST_FILE = SOLIDApp/App/Info.plist;
				INFOPLIST_KEY_UIApplicationSupportsIndirectInputEvents = YES;
				INFOPLIST_KEY_UILaunchStoryboardName = LaunchScreen;
				INFOPLIST_KEY_UISupportedInterfaceOrientations_iPad = "UIInterfaceOrientationPortrait UIInterfaceOrientationPortraitUpsideDown UIInterfaceOrientationLandscapeLeft UIInterfaceOrientationLandscapeRight";
				INFOPLIST_KEY_UISupportedInterfaceOrientations_iPhone = "UIInterfaceOrientationPortrait UIInterfaceOrientationLandscapeLeft UIInterfaceOrientationLandscapeRight";
				LD_RUNPATH_SEARCH_PATHS = (
					"$(inherited)",
					"@executable_path/Frameworks",
				);
				MARKETING_VERSION = 1.0;
				PRODUCT_BUNDLE_IDENTIFIER = com.anubhavgiri.SOLIDApp;
				PRODUCT_NAME = "$(TARGET_NAME)";
				SWIFT_EMIT_LOC_STRINGS = YES;
				SWIFT_VERSION = 5.0;
				TARGETED_DEVICE_FAMILY = "1,2";
			};
			name = Debug;
		};
		4477F7EC2EEDE65300B308F7 /* Release */ = {
			isa = XCBuildConfiguration;
			buildSettings = {
				ASSETCATALOG_COMPILER_APPICON_NAME = AppIcon;
				ASSETCATALOG_COMPILER_GLOBAL_ACCENT_COLOR_NAME = AccentColor;
				CODE_SIGN_STYLE = Automatic;
				CURRENT_PROJECT_VERSION = 1;
				DEVELOPMENT_TEAM = D9AM693C83;
				GENERATE_INFOPLIST_FILE = YES;
				INFOPLIST_FILE = SOLIDApp/App/Info.plist;
				INFOPLIST_KEY_UIApplicationSupportsIndirectInputEvents = YES;
				INFOPLIST_KEY_UILaunchStoryboardName = LaunchScreen;
				INFOPLIST_KEY_UISupportedInterfaceOrientations_iPad = "UIInterfaceOrientationPortrait UIInterfaceOrientationPortraitUpsideDown UIInterfaceOrientationLandscapeLeft UIInterfaceOrientationLandscapeRight";
				INFOPLIST_KEY_UISupportedInterfaceOrientations_iPhone = "UIInterfaceOrientationPortrait UIInterfaceOrientationLandscapeLeft UIInterfaceOrientationLandscapeRight";
				LD_RUNPATH_SEARCH_PATHS = (
					"$(inherited)",
					"@executable_path/Frameworks",
				);
				MARKETING_VERSION = 1.0;
				PRODUCT_BUNDLE_IDENTIFIER = com.anubhavgiri.SOLIDApp;
				PRODUCT_NAME = "$(TARGET_NAME)";
				SWIFT_EMIT_LOC_STRINGS = YES;
				SWIFT_VERSION = 5.0;
				TARGETED_DEVICE_FAMILY = "1,2";
			};
			name = Release;
		};
		4477F7ED2EEDE65300B308F7 /* Debug */ = {
			isa = XCBuildConfiguration;
			buildSettings = {
				ALWAYS_SEARCH_USER_PATHS = NO;
				ASSETCATALOG_COMPILER_GENERATE_SWIFT_ASSET_SYMBOL_EXTENSIONS = YES;
				CLANG_ANALYZER_NONNULL = YES;
				CLANG_ANALYZER_NUMBER_OBJECT_CONVERSION = YES_AGGRESSIVE;
				CLANG_CXX_LANGUAGE_STANDARD = "gnu++20";
				CLANG_ENABLE_MODULES = YES;
				CLANG_ENABLE_OBJC_ARC = YES;
				CLANG_ENABLE_OBJC_WEAK = YES;
				CLANG_WARN_BLOCK_CAPTURE_AUTORELEASING = YES;
				CLANG_WARN_BOOL_CONVERSION = YES;
				CLANG_WARN_COMMA = YES;
				CLANG_WARN_CONSTANT_CONVERSION = YES;
				CLANG_WARN_DEPRECATED_OBJC_IMPLEMENTATIONS = YES;
				CLANG_WARN_DIRECT_OBJC_ISA_USAGE = YES_ERROR;
				CLANG_WARN_DOCUMENTATION_COMMENTS = YES;
				CLANG_WARN_EMPTY_BODY = YES;
				CLANG_WARN_ENUM_CONVERSION = YES;
				CLANG_WARN_INFINITE_RECURSION = YES;
				CLANG_WARN_INT_CONVERSION = YES;
				CLANG_WARN_NON_LITERAL_NULL_CONVERSION = YES;
				CLANG_WARN_OBJC_IMPLICIT_RETAIN_SELF = YES;
				CLANG_WARN_OBJC_LITERAL_CONVERSION = YES;
				CLANG_WARN_OBJC_ROOT_CLASS = YES_ERROR;
				CLANG_WARN_QUOTED_INCLUDE_IN_FRAMEWORK_HEADER = YES;
				CLANG_WARN_RANGE_LOOP_ANALYSIS = YES;
				CLANG_WARN_STRICT_PROTOTYPES = YES;
				CLANG_WARN_SUSPICIOUS_MOVE = YES;
				CLANG_WARN_UNGUARDED_AVAILABILITY = YES_AGGRESSIVE;
				CLANG_WARN_UNREACHABLE_CODE = YES;
				CLANG_WARN__DUPLICATE_METHOD_MATCH = YES;
				COPY_PHASE_STRIP = NO;
				DEBUG_INFORMATION_FORMAT = dwarf;
				DEVELOPMENT_TEAM = D9AM693C83;
				ENABLE_STRICT_OBJC_MSGSEND = YES;
				ENABLE_TESTABILITY = YES;
				ENABLE_USER_SCRIPT_SANDBOXING = YES;
				GCC_C_LANGUAGE_STANDARD = gnu17;
				GCC_DYNAMIC_NO_PIC = NO;
				GCC_NO_COMMON_BLOCKS = YES;
				GCC_OPTIMIZATION_LEVEL = 0;
				GCC_PREPROCESSOR_DEFINITIONS = (
					"DEBUG=1",
					"$(inherited)",
				);
				GCC_WARN_64_TO_32_BIT_CONVERSION = YES;
				GCC_WARN_ABOUT_RETURN_TYPE = YES_ERROR;
				GCC_WARN_UNDECLARED_SELECTOR = YES;
				GCC_WARN_UNINITIALIZED_AUTOS = YES_AGGRESSIVE;
				GCC_WARN_UNUSED_FUNCTION = YES;
				GCC_WARN_UNUSED_VARIABLE = YES;
				IPHONEOS_DEPLOYMENT_TARGET = 18.5;
				LOCALIZATION_PREFERS_STRING_CATALOGS = YES;
				MTL_ENABLE_DEBUG_INFO = INCLUDE_SOURCE;
				MTL_FAST_MATH = YES;
				ONLY_ACTIVE_ARCH = YES;
				SDKROOT = iphoneos;
				SWIFT_ACTIVE_COMPILATION_CONDITIONS = "DEBUG $(inherited)";
				SWIFT_OPTIMIZATION_LEVEL = "-Onone";
			};
			name = Debug;
		};
		4477F7EE2EEDE65300B308F7 /* Release */ = {
			isa = XCBuildConfiguration;
			buildSettings = {
				ALWAYS_SEARCH_USER_PATHS = NO;
				ASSETCATALOG_COMPILER_GENERATE_SWIFT_ASSET_SYMBOL_EXTENSIONS = YES;
				CLANG_ANALYZER_NONNULL = YES;
				CLANG_ANALYZER_NUMBER_OBJECT_CONVERSION = YES_AGGRESSIVE;
				CLANG_CXX_LANGUAGE_STANDARD = "gnu++20";
				CLANG_ENABLE_MODULES = YES;
				CLANG_ENABLE_OBJC_ARC = YES;
				CLANG_ENABLE_OBJC_WEAK = YES;
				CLANG_WARN_BLOCK_CAPTURE_AUTORELEASING = YES;
				CLANG_WARN_BOOL_CONVERSION = YES;
				CLANG_WARN_COMMA = YES;
				CLANG_WARN_CONSTANT_CONVERSION = YES;
				CLANG_WARN_DEPRECATED_OBJC_IMPLEMENTATIONS = YES;
				CLANG_WARN_DIRECT_OBJC_ISA_USAGE = YES_ERROR;
				CLANG_WARN_DOCUMENTATION_COMMENTS = YES;
				CLANG_WARN_EMPTY_BODY = YES;
				CLANG_WARN_ENUM_CONVERSION = YES;
				CLANG_WARN_INFINITE_RECURSION = YES;
				CLANG_WARN_INT_CONVERSION = YES;
				CLANG_WARN_NON_LITERAL_NULL_CONVERSION = YES;
				CLANG_WARN_OBJC_IMPLICIT_RETAIN_SELF = YES;
				CLANG_WARN_OBJC_LITERAL_CONVERSION = YES;
				CLANG_WARN_OBJC_ROOT_CLASS = YES_ERROR;
				CLANG_WARN_QUOTED_INCLUDE_IN_FRAMEWORK_HEADER = YES;
				CLANG_WARN_RANGE_LOOP_ANALYSIS = YES;
				CLANG_WARN_STRICT_PROTOTYPES = YES;
				CLANG_WARN_SUSPICIOUS_MOVE = YES;
				CLANG_WARN_UNGUARDED_AVAILABILITY = YES_AGGRESSIVE;
				CLANG_WARN_UNREACHABLE_CODE = YES;
				CLANG_WARN__DUPLICATE_METHOD_MATCH = YES;
				COPY_PHASE_STRIP = NO;
				DEBUG_INFORMATION_FORMAT = "dwarf-with-dsym";
				DEVELOPMENT_TEAM = D9AM693C83;
				ENABLE_NS_ASSERTIONS = NO;
				ENABLE_STRICT_OBJC_MSGSEND = YES;
				ENABLE_USER_SCRIPT_SANDBOXING = YES;
				GCC_C_LANGUAGE_STANDARD = gnu17;
				GCC_NO_COMMON_BLOCKS = YES;
				GCC_WARN_64_TO_32_BIT_CONVERSION = YES;
				GCC_WARN_ABOUT_RETURN_TYPE = YES_ERROR;
				GCC_WARN_UNDECLARED_SELECTOR = YES;
				GCC_WARN_UNINITIALIZED_AUTOS = YES_AGGRESSIVE;
				GCC_WARN_UNUSED_FUNCTION = YES;
				GCC_WARN_UNUSED_VARIABLE = YES;
				IPHONEOS_DEPLOYMENT_TARGET = 18.5;
				LOCALIZATION_PREFERS_STRING_CATALOGS = YES;
				MTL_ENABLE_DEBUG_INFO = NO;
				MTL_FAST_MATH = YES;
				SDKROOT = iphoneos;
				SWIFT_COMPILATION_MODE = wholemodule;
				VALIDATE_PRODUCT = YES;
			};
			name = Release;
		};
		4477F7F02EEDE65300B308F7 /* Debug */ = {
			isa = XCBuildConfiguration;
			buildSettings = {
				BUNDLE_LOADER = "$(TEST_HOST)";
				CODE_SIGN_STYLE = Automatic;
				CURRENT_PROJECT_VERSION = 1;
				DEVELOPMENT_TEAM = D9AM693C83;
				GENERATE_INFOPLIST_FILE = YES;
				IPHONEOS_DEPLOYMENT_TARGET = 18.5;
				MARKETING_VERSION = 1.0;
				PRODUCT_BUNDLE_IDENTIFIER = com.anubhavgiri.SOLIDAppTests;
				PRODUCT_NAME = "$(TARGET_NAME)";
				SWIFT_EMIT_LOC_STRINGS = NO;
				SWIFT_VERSION = 5.0;
				TARGETED_DEVICE_FAMILY = "1,2";
				TEST_HOST = "$(BUILT_PRODUCTS_DIR)/SOLIDApp.app/$(BUNDLE_EXECUTABLE_FOLDER_PATH)/SOLIDApp";
			};
			name = Debug;
		};
		4477F7F12EEDE65300B308F7 /* Release */ = {
			isa = XCBuildConfiguration;
			buildSettings = {
				BUNDLE_LOADER = "$(TEST_HOST)";
				CODE_SIGN_STYLE = Automatic;
				CURRENT_PROJECT_VERSION = 1;
				DEVELOPMENT_TEAM = D9AM693C83;
				GENERATE_INFOPLIST_FILE = YES;
				IPHONEOS_DEPLOYMENT_TARGET = 18.5;
				MARKETING_VERSION = 1.0;
				PRODUCT_BUNDLE_IDENTIFIER = com.anubhavgiri.SOLIDAppTests;
				PRODUCT_NAME = "$(TARGET_NAME)";
				SWIFT_EMIT_LOC_STRINGS = NO;
				SWIFT_VERSION = 5.0;
				TARGETED_DEVICE_FAMILY = "1,2";
				TEST_HOST = "$(BUILT_PRODUCTS_DIR)/SOLIDApp.app/$(BUNDLE_EXECUTABLE_FOLDER_PATH)/SOLIDApp";
			};
			name = Release;
		};
		4477F7F32EEDE65300B308F7 /* Debug */ = {
			isa = XCBuildConfiguration;
			buildSettings = {
				CODE_SIGN_STYLE = Automatic;
				CURRENT_PROJECT_VERSION = 1;
				DEVELOPMENT_TEAM = D9AM693C83;
				GENERATE_INFOPLIST_FILE = YES;
				MARKETING_VERSION = 1.0;
				PRODUCT_BUNDLE_IDENTIFIER = com.anubhavgiri.SOLIDAppUITests;
				PRODUCT_NAME = "$(TARGET_NAME)";
				SWIFT_EMIT_LOC_STRINGS = NO;
				SWIFT_VERSION = 5.0;
				TARGETED_DEVICE_FAMILY = "1,2";
				TEST_TARGET_NAME = SOLIDApp;
			};
			name = Debug;
		};
		4477F7F42EEDE65300B308F7 /* Release */ = {
			isa = XCBuildConfiguration;
			buildSettings = {
				CODE_SIGN_STYLE = Automatic;
				CURRENT_PROJECT_VERSION = 1;
				DEVELOPMENT_TEAM = D9AM693C83;
				GENERATE_INFOPLIST_FILE = YES;
				MARKETING_VERSION = 1.0;
				PRODUCT_BUNDLE_IDENTIFIER = com.anubhavgiri.SOLIDAppUITests;
				PRODUCT_NAME = "$(TARGET_NAME)";
				SWIFT_EMIT_LOC_STRINGS = NO;
				SWIFT_VERSION = 5.0;
				TARGETED_DEVICE_FAMILY = "1,2";
				TEST_TARGET_NAME = SOLIDApp;
			};
			name = Release;
		};
/* End XCBuildConfiguration section */

/* Begin XCConfigurationList section */
		4477F7B92EEDE65200B308F7 /* Build configuration list for PBXProject "SOLIDApp" */ = {
			isa = XCConfigurationList;
			buildConfigurations = (
				4477F7ED2EEDE65300B308F7 /* Debug */,
				4477F7EE2EEDE65300B308F7 /* Release */,
			);
			defaultConfigurationIsVisible = 0;
			defaultConfigurationName = Release;
		};
		4477F7EA2EEDE65300B308F7 /* Build configuration list for PBXNativeTarget "SOLIDApp" */ = {
			isa = XCConfigurationList;
			buildConfigurations = (
				4477F7EB2EEDE65300B308F7 /* Debug */,
				4477F7EC2EEDE65300B308F7 /* Release */,
			);
			defaultConfigurationIsVisible = 0;
			defaultConfigurationName = Release;
		};
		4477F7EF2EEDE65300B308F7 /* Build configuration list for PBXNativeTarget "SOLIDAppTests" */ = {
			isa = XCConfigurationList;
			buildConfigurations = (
				4477F7F02EEDE65300B308F7 /* Debug */,
				4477F7F12EEDE65300B308F7 /* Release */,
			);
			defaultConfigurationIsVisible = 0;
			defaultConfigurationName = Release;
		};
		4477F7F22EEDE65300B308F7 /* Build configuration list for PBXNativeTarget "SOLIDAppUITests" */ = {
			isa = XCConfigurationList;
			buildConfigurations = (
				4477F7F32EEDE65300B308F7 /* Debug */,
				4477F7F42EEDE65300B308F7 /* Release */,
			);
			defaultConfigurationIsVisible = 0;
			defaultConfigurationName = Release;
		};
/* End XCConfigurationList section */
	};
	rootObject = 4477F7B62EEDE65200B308F7 /* Project object */;
}
